
Microsoft Visual Studio Solution File, Format Version 12.00
# Visual Studio Version 16
VisualStudioVersion = 16.0.29409.12
MinimumVisualStudioVersion = 10.0.40219.1
Project("{FAE04EC0-301F-11D3-BF4B-00C04F79EFBC}") = "DesktopContactsApp", "DesktopContactsApp.csproj", "{77E85A43-03E6-4528-A7F5-00A237626916}"
EndProject
Global
	GlobalSection(SolutionConfigurationPlatforms) = preSolution
		Debug|Any CPU = Debug|Any CPU
		Release|Any CPU = Release|Any CPU
	EndGlobalSection
	GlobalSection(ProjectConfigurationPlatforms) = postSolution
		{77E85A43-03E6-4528-A7F5-00A237626916}.Debug|Any CPU.ActiveCfg = Debug|Any CPU
		{77E85A43-03E6-4528-A7F5-00A237626916}.Debug|Any CPU.Build.0 = Debug|Any CPU
		{77E85A43-03E6-4528-A7F5-00A237626916}.Release|Any CPU.ActiveCfg = Release|Any CPU
		{77E85A43-03E6-4528-A7F5-00A237626916}.Release|Any CPU.Build.0 = Release|Any CPU
	EndGlobalSection
	GlobalSection(SolutionProperties) = preSolution
		HideSolutionNode = FALSE
	EndGlobalSection
	GlobalSection(ExtensibilityGlobals) = postSolution
		SolutionGuid = {0367A031-E069-4CED-9167-B5D4B1C36642}
	EndGlobalSection
EndGlobal
